
Microsoft Visual Studio Solution File, Format Version 12.00
# Visual Studio 15
VisualStudioVersion = 15.0.28307.572
MinimumVisualStudioVersion = 10.0.40219.1
Project("{FAE04EC0-301F-11D3-BF4B-00C04F79EFBC}") = "NETA", "NETA\NETA.csproj", "{AC20889D-C9B9-4718-805B-DF2B09F2F9D1}"
EndProject
Global
	GlobalSection(SolutionConfigurationPlatforms) = preSolution
		Debug|Any CPU = Debug|Any CPU
		Release|Any CPU = Release|Any CPU
	EndGlobalSection
	GlobalSection(ProjectConfigurationPlatforms) = postSolution
		{AC20889D-C9B9-4718-805B-DF2B09F2F9D1}.Debug|Any CPU.ActiveCfg = Debug|Any CPU
		{AC20889D-C9B9-4718-805B-DF2B09F2F9D1}.Debug|Any CPU.Build.0 = Debug|Any CPU
		{AC20889D-C9B9-4718-805B-DF2B09F2F9D1}.Release|Any CPU.ActiveCfg = Release|Any CPU
		{AC20889D-C9B9-4718-805B-DF2B09F2F9D1}.Release|Any CPU.Build.0 = Release|Any CPU
	EndGlobalSection
	GlobalSection(SolutionProperties) = preSolution
		HideSolutionNode = FALSE
	EndGlobalSection
	GlobalSection(ExtensibilityGlobals) = postSolution
		SolutionGuid = {DAF116F8-32D8-46DA-93C7-13A3137A171A}
	EndGlobalSection
EndGlobal
